Microsoft Visual Studio Solution File, Format Version 11.00
# Visual Studio 2008

Project("{8743B5CD-2929-A0A5-7316-D6BA5EEA99F5}") = "COMP305-F2016-MailPilot", "Assembly-CSharp.csproj", "{7836D4EC-AB9F-91D6-AE29-95D7135ADAF7}"
EndProject
Global
	GlobalSection(SolutionConfigurationPlatforms) = preSolution
		Debug|Any CPU = Debug|Any CPU
		Release|Any CPU = Release|Any CPU
	EndGlobalSection
	GlobalSection(ProjectConfigurationPlatforms) = postSolution
		{7836D4EC-AB9F-91D6-AE29-95D7135ADAF7}.Debug|Any CPU.ActiveCfg = Debug|Any CPU
		{7836D4EC-AB9F-91D6-AE29-95D7135ADAF7}.Debug|Any CPU.Build.0 = Debug|Any CPU
		{7836D4EC-AB9F-91D6-AE29-95D7135ADAF7}.Release|Any CPU.ActiveCfg = Release|Any CPU
		{7836D4EC-AB9F-91D6-AE29-95D7135ADAF7}.Release|Any CPU.Build.0 = Release|Any CPU
	EndGlobalSection
	GlobalSection(SolutionProperties) = preSolution
		HideSolutionNode = FALSE
	EndGlobalSection
	GlobalSection(MonoDevelopProperties) = preSolution
		StartupItem = Assembly-CSharp.csproj
	EndGlobalSection
EndGlobal
